
Microsoft Visual Studio Solution File, Format Version 12.00
# Visual Studio Version 17
VisualStudioVersion = 17.13.35806.99 d17.13
MinimumVisualStudioVersion = 10.0.40219.1
Project("{FAE04EC0-301F-11D3-BF4B-00C04F79EFBC}") = "backend", "backend.csproj", "{2829DF50-6191-4AD7-BC8D-4B07C7A40386}"
EndProject
Global
	GlobalSection(SolutionConfigurationPlatforms) = preSolution
		Debug|Any CPU = Debug|Any CPU
		Release|Any CPU = Release|Any CPU
	EndGlobalSection
	GlobalSection(ProjectConfigurationPlatforms) = postSolution
		{2829DF50-6191-4AD7-BC8D-4B07C7A40386}.Debug|Any CPU.ActiveCfg = Debug|Any CPU
		{2829DF50-6191-4AD7-BC8D-4B07C7A40386}.Debug|Any CPU.Build.0 = Debug|Any CPU
		{2829DF50-6191-4AD7-BC8D-4B07C7A40386}.Release|Any CPU.ActiveCfg = Release|Any CPU
		{2829DF50-6191-4AD7-BC8D-4B07C7A40386}.Release|Any CPU.Build.0 = Release|Any CPU
	EndGlobalSection
	GlobalSection(SolutionProperties) = preSolution
		HideSolutionNode = FALSE
	EndGlobalSection
	GlobalSection(ExtensibilityGlobals) = postSolution
		SolutionGuid = {A191536F-0D09-4A98-96D4-409438B7DD1C}
	EndGlobalSection
EndGlobal
